
Microsoft Visual Studio Solution File, Format Version 12.00
# Visual Studio Version 17
VisualStudioVersion = 17.14.36414.22
MinimumVisualStudioVersion = 10.0.40219.1
Project("{FAE04EC0-301F-11D3-BF4B-00C04F79EFBC}") = "Dagboksappen", "Dagboksappen.csproj", "{C90025C4-3279-434D-B0FB-97A3B4A8A81D}"
EndProject
Project("{2150E333-8FDC-42A3-9474-1A3956D46DE8}") = "Solution Items", "Solution Items", "{8EC462FD-D22E-90A8-E5CE-7E832BA40C5D}"
	ProjectSection(SolutionItems) = preProject
		bin\Debug\net8.0\diary.json = bin\Debug\net8.0\diary.json
	EndProjectSection
EndProject
Global
	GlobalSection(SolutionConfigurationPlatforms) = preSolution
		Debug|Any CPU = Debug|Any CPU
		Release|Any CPU = Release|Any CPU
	EndGlobalSection
	GlobalSection(ProjectConfigurationPlatforms) = postSolution
		{C90025C4-3279-434D-B0FB-97A3B4A8A81D}.Debug|Any CPU.ActiveCfg = Debug|Any CPU
		{C90025C4-3279-434D-B0FB-97A3B4A8A81D}.Debug|Any CPU.Build.0 = Debug|Any CPU
		{C90025C4-3279-434D-B0FB-97A3B4A8A81D}.Release|Any CPU.ActiveCfg = Release|Any CPU
		{C90025C4-3279-434D-B0FB-97A3B4A8A81D}.Release|Any CPU.Build.0 = Release|Any CPU
	EndGlobalSection
	GlobalSection(SolutionProperties) = preSolution
		HideSolutionNode = FALSE
	EndGlobalSection
	GlobalSection(ExtensibilityGlobals) = postSolution
		SolutionGuid = {823BC9AF-4837-465D-A7F7-B692D75F54D0}
	EndGlobalSection
EndGlobal
